
Microsoft Visual Studio Solution File, Format Version 12.00
# Visual Studio Version 16
VisualStudioVersion = 16.0.31515.178
MinimumVisualStudioVersion = 10.0.40219.1
Project("{FAE04EC0-301F-11D3-BF4B-00C04F79EFBC}") = "Hangfire.Intro", "Hangfire.Intro.csproj", "{45D895FF-7E30-4B3A-A8E0-872577589F99}"
EndProject
Global
	GlobalSection(SolutionConfigurationPlatforms) = preSolution
		Debug|Any CPU = Debug|Any CPU
		Release|Any CPU = Release|Any CPU
	EndGlobalSection
	GlobalSection(ProjectConfigurationPlatforms) = postSolution
		{45D895FF-7E30-4B3A-A8E0-872577589F99}.Debug|Any CPU.ActiveCfg = Debug|Any CPU
		{45D895FF-7E30-4B3A-A8E0-872577589F99}.Debug|Any CPU.Build.0 = Debug|Any CPU
		{45D895FF-7E30-4B3A-A8E0-872577589F99}.Release|Any CPU.ActiveCfg = Release|Any CPU
		{45D895FF-7E30-4B3A-A8E0-872577589F99}.Release|Any CPU.Build.0 = Release|Any CPU
	EndGlobalSection
	GlobalSection(SolutionProperties) = preSolution
		HideSolutionNode = FALSE
	EndGlobalSection
	GlobalSection(ExtensibilityGlobals) = postSolution
		SolutionGuid = {F44BCA19-419C-488C-A8EB-D84C25C4591E}
	EndGlobalSection
EndGlobal
